
Microsoft Visual Studio Solution File, Format Version 12.00
# Visual Studio Version 16
VisualStudioVersion = 16.0.29911.84
MinimumVisualStudioVersion = 10.0.40219.1
Project("{FAE04EC0-301F-11D3-BF4B-00C04F79EFBC}") = "JKSCompilerProject", "JKSCompilerProject\JKSCompilerProject.csproj", "{30079B51-946A-4FB5-84DC-000A8E53B531}"
EndProject
Global
	GlobalSection(SolutionConfigurationPlatforms) = preSolution
		Debug|Any CPU = Debug|Any CPU
		Release|Any CPU = Release|Any CPU
	EndGlobalSection
	GlobalSection(ProjectConfigurationPlatforms) = postSolution
		{30079B51-946A-4FB5-84DC-000A8E53B531}.Debug|Any CPU.ActiveCfg = Debug|Any CPU
		{30079B51-946A-4FB5-84DC-000A8E53B531}.Debug|Any CPU.Build.0 = Debug|Any CPU
		{30079B51-946A-4FB5-84DC-000A8E53B531}.Release|Any CPU.ActiveCfg = Release|Any CPU
		{30079B51-946A-4FB5-84DC-000A8E53B531}.Release|Any CPU.Build.0 = Release|Any CPU
	EndGlobalSection
	GlobalSection(SolutionProperties) = preSolution
		HideSolutionNode = FALSE
	EndGlobalSection
	GlobalSection(ExtensibilityGlobals) = postSolution
		SolutionGuid = {AB28E28A-36C5-43E4-A4DC-93FBC10F54C1}
	EndGlobalSection
EndGlobal
